
Microsoft Visual Studio Solution File, Format Version 12.00
Project("{FAE04EC0-301F-11D3-BF4B-00C04F79EFBC}") = "Terk.DesktopClient", "Terk.DesktopClient\Terk.DesktopClient.csproj", "{1FB6BE12-82F9-411F-BCD1-1280A5A36709}"
EndProject
Project("{2150E333-8FDC-42A3-9474-1A3956D46DE8}") = "Solution", "Solution", "{E279803A-D0C3-444B-8D6D-0467831AD64E}"
	ProjectSection(SolutionItems) = preProject
		docker-compose.yml = docker-compose.yml
	EndProjectSection
EndProject
Project("{FAE04EC0-301F-11D3-BF4B-00C04F79EFBC}") = "Terk.API", "Terk.API\Terk.API.csproj", "{0CC9C9F6-00EA-4158-9769-16A40CD77332}"
EndProject
Project("{FAE04EC0-301F-11D3-BF4B-00C04F79EFBC}") = "Terk.DB", "Terk.DB\Terk.DB.csproj", "{31A8C662-5AB2-49F2-B9F8-997003ECDF0D}"
EndProject
Project("{FAE04EC0-301F-11D3-BF4B-00C04F79EFBC}") = "Terk.ApiDto", "Terk.ApiDto\Terk.ApiDto.csproj", "{5B44FDF0-4326-4568-9583-DF8325828FC1}"
EndProject
Global
	GlobalSection(SolutionConfigurationPlatforms) = preSolution
		Debug|Any CPU = Debug|Any CPU
		Release|Any CPU = Release|Any CPU
	EndGlobalSection
	GlobalSection(ProjectConfigurationPlatforms) = postSolution
		{1FB6BE12-82F9-411F-BCD1-1280A5A36709}.Debug|Any CPU.ActiveCfg = Debug|Any CPU
		{1FB6BE12-82F9-411F-BCD1-1280A5A36709}.Debug|Any CPU.Build.0 = Debug|Any CPU
		{1FB6BE12-82F9-411F-BCD1-1280A5A36709}.Release|Any CPU.ActiveCfg = Release|Any CPU
		{1FB6BE12-82F9-411F-BCD1-1280A5A36709}.Release|Any CPU.Build.0 = Release|Any CPU
		{0CC9C9F6-00EA-4158-9769-16A40CD77332}.Debug|Any CPU.ActiveCfg = Debug|Any CPU
		{0CC9C9F6-00EA-4158-9769-16A40CD77332}.Debug|Any CPU.Build.0 = Debug|Any CPU
		{0CC9C9F6-00EA-4158-9769-16A40CD77332}.Release|Any CPU.ActiveCfg = Release|Any CPU
		{0CC9C9F6-00EA-4158-9769-16A40CD77332}.Release|Any CPU.Build.0 = Release|Any CPU
		{31A8C662-5AB2-49F2-B9F8-997003ECDF0D}.Debug|Any CPU.ActiveCfg = Debug|Any CPU
		{31A8C662-5AB2-49F2-B9F8-997003ECDF0D}.Debug|Any CPU.Build.0 = Debug|Any CPU
		{31A8C662-5AB2-49F2-B9F8-997003ECDF0D}.Release|Any CPU.ActiveCfg = Release|Any CPU
		{31A8C662-5AB2-49F2-B9F8-997003ECDF0D}.Release|Any CPU.Build.0 = Release|Any CPU
		{5B44FDF0-4326-4568-9583-DF8325828FC1}.Debug|Any CPU.ActiveCfg = Debug|Any CPU
		{5B44FDF0-4326-4568-9583-DF8325828FC1}.Debug|Any CPU.Build.0 = Debug|Any CPU
		{5B44FDF0-4326-4568-9583-DF8325828FC1}.Release|Any CPU.ActiveCfg = Release|Any CPU
		{5B44FDF0-4326-4568-9583-DF8325828FC1}.Release|Any CPU.Build.0 = Release|Any CPU
	EndGlobalSection
EndGlobal
